// !$*UTF8*$!
{
	archiveVersion = 1;
	classes = {
	};
	objectVersion = 50;
	objects = {

/* Begin PBXBuildFile section */
		1EB42CC81E738D014B6D0857 /* Pods_TestApp.framework in Frameworks */ = {isa = PBXBuildFile; fileRef = F41900E1366559BC0C579A51 /* Pods_TestApp.framework */; };
		97C83ED6225F33AC00C55450 /* AppDelegate.swift in Sources */ = {isa = PBXBuildFile; fileRef = 97C83ED5225F33AC00C55450 /* AppDelegate.swift */; };
		97C83ED8225F33AC00C55450 /* ViewController.swift in Sources */ = {isa = PBXBuildFile; fileRef = 97C83ED7225F33AC00C55450 /* ViewController.swift */; };
		97C83EDB225F33AC00C55450 /* Main.storyboard in Resources */ = {isa = PBXBuildFile; fileRef = 97C83ED9225F33AC00C55450 /* Main.storyboard */; };
		97C83EDD225F33AE00C55450 /* Assets.xcassets in Resources */ = {isa = PBXBuildFile; fileRef = 97C83EDC225F33AE00C55450 /* Assets.xcassets */; };
		97C83EE0225F33AE00C55450 /* LaunchScreen.storyboard in Resources */ = {isa = PBXBuildFile; fileRef = 97C83EDE225F33AE00C55450 /* LaunchScreen.storyboard */; };
		97C83EEB225F33AE00C55450 /* TestAppTests.swift in Sources */ = {isa = PBXBuildFile; fileRef = 97C83EEA225F33AE00C55450 /* TestAppTests.swift */; };
/* End PBXBuildFile section */

/* Begin PBXContainerItemProxy section */
		97C83EE7225F33AE00C55450 /* PBXContainerItemProxy */ = {
			isa = PBXContainerItemProxy;
			containerPortal = 97C83ECA225F33AC00C55450 /* Project object */;
			proxyType = 1;
			remoteGlobalIDString = 97C83ED1225F33AC00C55450;
			remoteInfo = TestApp;
		};
/* End PBXContainerItemProxy section */

/* Begin PBXFileReference section */
		97C83ED2225F33AC00C55450 /* TestApp.app */ = {isa = PBXFileReference; explicitFileType = wrapper.application; includeInIndex = 0; path = TestApp.app; sourceTree = BUILT_PRODUCTS_DIR; };
		97C83ED5225F33AC00C55450 /* AppDelegate.swift */ = {isa = PBXFileReference; lastKnownFileType = sourcecode.swift; path = AppDelegate.swift; sourceTree = "<group>"; };
		97C83ED7225F33AC00C55450 /* ViewController.swift */ = {isa = PBXFileReference; lastKnownFileType = sourcecode.swift; path = ViewController.swift; sourceTree = "<group>"; };
		97C83EDA225F33AC00C55450 /* Base */ = {isa = PBXFileReference; lastKnownFileType = file.storyboard; name = Base; path = Base.lproj/Main.storyboard; sourceTree = "<group>"; };
		97C83EDC225F33AE00C55450 /* Assets.xcassets */ = {isa = PBXFileReference; lastKnownFileType = folder.assetcatalog; path = Assets.xcassets; sourceTree = "<group>"; };
		97C83EDF225F33AE00C55450 /* Base */ = {isa = PBXFileReference; lastKnownFileType = file.storyboard; name = Base; path = Base.lproj/LaunchScreen.storyboard; sourceTree = "<group>"; };
		97C83EE1225F33AE00C55450 /* Info.plist */ = {isa = PBXFileReference; lastKnownFileType = text.plist.xml; path = Info.plist; sourceTree = "<group>"; };
		97C83EE6225F33AE00C55450 /* TestAppTests.xctest */ = {isa = PBXFileReference; explicitFileType = wrapper.cfbundle; includeInIndex = 0; path = TestAppTests.xctest; sourceTree = BUILT_PRODUCTS_DIR; };
		97C83EEA225F33AE00C55450 /* TestAppTests.swift */ = {isa = PBXFileReference; lastKnownFileType = sourcecode.swift; path = TestAppTests.swift; sourceTree = "<group>"; };
		97C83EEC225F33AE00C55450 /* Info.plist */ = {isa = PBXFileReference; lastKnownFileType = text.plist.xml; path = Info.plist; sourceTree = "<group>"; };
		A44163BB42B74712B12BDAD2 /* Pods-TestApp.release.xcconfig */ = {isa = PBXFileReference; includeInIndex = 1; lastKnownFileType = text.xcconfig; name = "Pods-TestApp.release.xcconfig"; path = "Target Support Files/Pods-TestApp/Pods-TestApp.release.xcconfig"; sourceTree = "<group>"; };
		C0F7FA5F986C2713FA0495C9 /* Pods-TestApp.debug.xcconfig */ = {isa = PBXFileReference; includeInIndex = 1; lastKnownFileType = text.xcconfig; name = "Pods-TestApp.debug.xcconfig"; path = "Target Support Files/Pods-TestApp/Pods-TestApp.debug.xcconfig"; sourceTree = "<group>"; };
		F41900E1366559BC0C579A51 /* Pods_TestApp.framework */ = {isa = PBXFileReference; explicitFileType = wrapper.framework; includeInIndex = 0; path = Pods_TestApp.framework; sourceTree = BUILT_PRODUCTS_DIR; };
/* End PBXFileReference section */

/* Begin PBXFrameworksBuildPhase section */
		97C83ECF225F33AC00C55450 /* Frameworks */ = {
			isa = PBXFrameworksBuildPhase;
			buildActionMask = 2147483647;
			files = (
				1EB42CC81E738D014B6D0857 /* Pods_TestApp.framework in Frameworks */,
			);
			runOnlyForDeploymentPostprocessing = 0;
		};
		97C83EE3225F33AE00C55450 /* Frameworks */ = {
			isa = PBXFrameworksBuildPhase;
			buildActionMask = 2147483647;
			files = (
			);
			runOnlyForDeploymentPostprocessing = 0;
		};
/* End PBXFrameworksBuildPhase section */

/* Begin PBXGroup section */
		273DAE5EBDBDB83F8E2CF2B8 /* Frameworks */ = {
			isa = PBXGroup;
			children = (
				F41900E1366559BC0C579A51 /* Pods_TestApp.framework */,
			);
			name = Frameworks;
			sourceTree = "<group>";
		};
		7B8227312A5F8D8E052872CA /* Pods */ = {
			isa = PBXGroup;
			children = (
				C0F7FA5F986C2713FA0495C9 /* Pods-TestApp.debug.xcconfig */,
				A44163BB42B74712B12BDAD2 /* Pods-TestApp.release.xcconfig */,
			);
			path = Pods;
			sourceTree = "<group>";
		};
		97C83EC9225F33AC00C55450 = {
			isa = PBXGroup;
			children = (
				97C83ED4225F33AC00C55450 /* TestApp */,
				97C83EE9225F33AE00C55450 /* TestAppTests */,
				97C83ED3225F33AC00C55450 /* Products */,
				7B8227312A5F8D8E052872CA /* Pods */,
				273DAE5EBDBDB83F8E2CF2B8 /* Frameworks */,
			);
			sourceTree = "<group>";
		};
		97C83ED3225F33AC00C55450 /* Products */ = {
			isa = PBXGroup;
			children = (
				97C83ED2225F33AC00C55450 /* TestApp.app */,
				97C83EE6225F33AE00C55450 /* TestAppTests.xctest */,
			);
			name = Products;
			sourceTree = "<group>";
		};
		97C83ED4225F33AC00C55450 /* TestApp */ = {
			isa = PBXGroup;
			children = (
				97C83ED5225F33AC00C55450 /* AppDelegate.swift */,
				97C83ED7225F33AC00C55450 /* ViewController.swift */,
				97C83ED9225F33AC00C55450 /* Main.storyboard */,
				97C83EDC225F33AE00C55450 /* Assets.xcassets */,
				97C83EDE225F33AE00C55450 /* LaunchScreen.storyboard */,
				97C83EE1225F33AE00C55450 /* Info.plist */,
			);
			path = TestApp;
			sourceTree = "<group>";
		};
		97C83EE9225F33AE00C55450 /* TestAppTests */ = {
			isa = PBXGroup;
			children = (
				97C83EEA225F33AE00C55450 /* TestAppTests.swift */,
				97C83EEC225F33AE00C55450 /* Info.plist */,
			);
			path = TestAppTests;
			sourceTree = "<group>";
		};
/* End PBXGroup section */

/* Begin PBXNativeTarget section */
		97C83ED1225F33AC00C55450 /* TestApp */ = {
			isa = PBXNativeTarget;
			buildConfigurationList = 97C83EEF225F33AE00C55450 /* Build configuration list for PBXNativeTarget "TestApp" */;
			buildPhases = (
				88FA3B930F7CC1A215850721 /* [CP] Check Pods Manifest.lock */,
				97C83ECE225F33AC00C55450 /* Sources */,
				97C83ECF225F33AC00C55450 /* Frameworks */,
				97C83ED0225F33AC00C55450 /* Resources */,
				973EF43C2265F5F5002C8AD3 /* ShellScript */,
			);
			buildRules = (
			);
			dependencies = (
			);
			name = TestApp;
			productName = TestApp;
			productReference = 97C83ED2225F33AC00C55450 /* TestApp.app */;
			productType = "com.apple.product-type.application";
		};
		97C83EE5225F33AE00C55450 /* TestAppTests */ = {
			isa = PBXNativeTarget;
			buildConfigurationList = 97C83EF2225F33AE00C55450 /* Build configuration list for PBXNativeTarget "TestAppTests" */;
			buildPhases = (
				97C83EE2225F33AE00C55450 /* Sources */,
				97C83EE3225F33AE00C55450 /* Frameworks */,
				97C83EE4225F33AE00C55450 /* Resources */,
			);
			buildRules = (
			);
			dependencies = (
				97C83EE8225F33AE00C55450 /* PBXTargetDependency */,
			);
			name = TestAppTests;
			productName = TestAppTests;
			productReference = 97C83EE6225F33AE00C55450 /* TestAppTests.xctest */;
			productType = "com.apple.product-type.bundle.unit-test";
		};
/* End PBXNativeTarget section */

/* Begin PBXProject section */
		97C83ECA225F33AC00C55450 /* Project object */ = {
			isa = PBXProject;
			attributes = {
				LastSwiftUpdateCheck = 1010;
				LastUpgradeCheck = 1010;
				ORGANIZATIONNAME = Endava;
				TargetAttributes = {
					97C83ED1225F33AC00C55450 = {
						CreatedOnToolsVersion = 10.1;
						DevelopmentTeam = 2354U295GD;
						ProvisioningStyle = Manual;
					};
					97C83EE5225F33AE00C55450 = {
						CreatedOnToolsVersion = 10.1;
						DevelopmentTeam = 2354U295GD;
						ProvisioningStyle = Manual;
						TestTargetID = 97C83ED1225F33AC00C55450;
					};
				};
			};
			buildConfigurationList = 97C83ECD225F33AC00C55450 /* Build configuration list for PBXProject "TestApp" */;
			compatibilityVersion = "Xcode 9.3";
			developmentRegion = en;
			hasScannedForEncodings = 0;
			knownRegions = (
				en,
				Base,
			);
			mainGroup = 97C83EC9225F33AC00C55450;
			productRefGroup = 97C83ED3225F33AC00C55450 /* Products */;
			projectDirPath = "";
			projectRoot = "";
			targets = (
				97C83ED1225F33AC00C55450 /* TestApp */,
				97C83EE5225F33AE00C55450 /* TestAppTests */,
			);
		};
/* End PBXProject section */

/* Begin PBXResourcesBuildPhase section */
		97C83ED0225F33AC00C55450 /* Resources */ = {
			isa = PBXResourcesBuildPhase;
			buildActionMask = 2147483647;
			files = (
				97C83EE0225F33AE00C55450 /* LaunchScreen.storyboard in Resources */,
				97C83EDD225F33AE00C55450 /* Assets.xcassets in Resources */,
				97C83EDB225F33AC00C55450 /* Main.storyboard in Resources */,
			);
			runOnlyForDeploymentPostprocessing = 0;
		};
		97C83EE4225F33AE00C55450 /* Resources */ = {
			isa = PBXResourcesBuildPhase;
			buildActionMask = 2147483647;
			files = (
			);
			runOnlyForDeploymentPostprocessing = 0;
		};
/* End PBXResourcesBuildPhase section */

/* Begin PBXShellScriptBuildPhase section */
		88FA3B930F7CC1A215850721 /* [CP] Check Pods Manifest.lock */ = {
			isa = PBXShellScriptBuildPhase;
			buildActionMask = 2147483647;
			files = (
			);
			inputFileListPaths = (
			);
			inputPaths = (
				"${PODS_PODFILE_DIR_PATH}/Podfile.lock",
				"${PODS_ROOT}/Manifest.lock",
			);
			name = "[CP] Check Pods Manifest.lock";
			outputFileListPaths = (
			);
			outputPaths = (
				"$(DERIVED_FILE_DIR)/Pods-TestApp-checkManifestLockResult.txt",
			);
			runOnlyForDeploymentPostprocessing = 0;
			shellPath = /bin/sh;
			shellScript = "diff \"${PODS_PODFILE_DIR_PATH}/Podfile.lock\" \"${PODS_ROOT}/Manifest.lock\" > /dev/null\nif [ $? != 0 ] ; then\n    # print error to STDERR\n    echo \"error: The sandbox is not in sync with the Podfile.lock. Run 'pod install' or update your CocoaPods installation.\" >&2\n    exit 1\nfi\n# This output is used by Xcode 'outputs' to avoid re-running this script phase.\necho \"SUCCESS\" > \"${SCRIPT_OUTPUT_FILE_0}\"\n";
			showEnvVarsInLog = 0;
		};
		973EF43C2265F5F5002C8AD3 /* ShellScript */ = {
			isa = PBXShellScriptBuildPhase;
			buildActionMask = 2147483647;
			files = (
			);
			inputFileListPaths = (
			);
			inputPaths = (
				"$(SRCROOT)/$(BUILT_PRODUCTS_DIR)/$(INFOPLIST_PATH)",
			);
			outputFileListPaths = (
			);
			outputPaths = (
			);
			runOnlyForDeploymentPostprocessing = 0;
			shellPath = /bin/sh;
			shellScript = "\"${PODS_ROOT}/Fabric/run\" e14dfdc34d69813c344f81c728b6f3e8a17a04e9 7ab31f9fc609d52e2cf9acdd81523301d257662c30c45bfff93a74ff7b3e6fcd\n";
		};
/* End PBXShellScriptBuildPhase section */

/* Begin PBXSourcesBuildPhase section */
		97C83ECE225F33AC00C55450 /* Sources */ = {
			isa = PBXSourcesBuildPhase;
			buildActionMask = 2147483647;
			files = (
				97C83ED8225F33AC00C55450 /* ViewController.swift in Sources */,
				97C83ED6225F33AC00C55450 /* AppDelegate.swift in Sources */,
			);
			runOnlyForDeploymentPostprocessing = 0;
		};
		97C83EE2225F33AE00C55450 /* Sources */ = {
			isa = PBXSourcesBuildPhase;
			buildActionMask = 2147483647;
			files = (
				97C83EEB225F33AE00C55450 /* TestAppTests.swift in Sources */,
			);
			runOnlyForDeploymentPostprocessing = 0;
		};
/* End PBXSourcesBuildPhase section */

/* Begin PBXTargetDependency section */
		97C83EE8225F33AE00C55450 /* PBXTargetDependency */ = {
			isa = PBXTargetDependency;
			target = 97C83ED1225F33AC00C55450 /* TestApp */;
			targetProxy = 97C83EE7225F33AE00C55450 /* PBXContainerItemProxy */;
		};
/* End PBXTargetDependency section */

/* Begin PBXVariantGroup section */
		97C83ED9225F33AC00C55450 /* Main.storyboard */ = {
			isa = PBXVariantGroup;
			children = (
				97C83EDA225F33AC00C55450 /* Base */,
			);
			name = Main.storyboard;
			sourceTree = "<group>";
		};
		97C83EDE225F33AE00C55450 /* LaunchScreen.storyboard */ = {
			isa = PBXVariantGroup;
			children = (
				97C83EDF225F33AE00C55450 /* Base */,
			);
			name = LaunchScreen.storyboard;
			sourceTree = "<group>";
		};
/* End PBXVariantGroup section */

/* Begin XCBuildConfiguration section */
		97C83EED225F33AE00C55450 /* Debug */ = {
			isa = XCBuildConfiguration;
			buildSettings = {
				ALWAYS_SEARCH_USER_PATHS = NO;
				CLANG_ANALYZER_NONNULL = YES;
				CLANG_ANALYZER_NUMBER_OBJECT_CONVERSION = YES_AGGRESSIVE;
				CLANG_CXX_LANGUAGE_STANDARD = "gnu++14";
				CLANG_CXX_LIBRARY = "libc++";
				CLANG_ENABLE_MODULES = YES;
				CLANG_ENABLE_OBJC_ARC = YES;
				CLANG_ENABLE_OBJC_WEAK = YES;
				CLANG_WARN_BLOCK_CAPTURE_AUTORELEASING = YES;
				CLANG_WARN_BOOL_CONVERSION = YES;
				CLANG_WARN_COMMA = YES;
				CLANG_WARN_CONSTANT_CONVERSION = YES;
				CLANG_WARN_DEPRECATED_OBJC_IMPLEMENTATIONS = YES;
				CLANG_WARN_DIRECT_OBJC_ISA_USAGE = YES_ERROR;
				CLANG_WARN_DOCUMENTATION_COMMENTS = YES;
				CLANG_WARN_EMPTY_BODY = YES;
				CLANG_WARN_ENUM_CONVERSION = YES;
				CLANG_WARN_INFINITE_RECURSION = YES;
				CLANG_WARN_INT_CONVERSION = YES;
				CLANG_WARN_NON_LITERAL_NULL_CONVERSION = YES;
				CLANG_WARN_OBJC_IMPLICIT_RETAIN_SELF = YES;
				CLANG_WARN_OBJC_LITERAL_CONVERSION = YES;
				CLANG_WARN_OBJC_ROOT_CLASS = YES_ERROR;
				CLANG_WARN_RANGE_LOOP_ANALYSIS = YES;
				CLANG_WARN_STRICT_PROTOTYPES = YES;
				CLANG_WARN_SUSPICIOUS_MOVE = YES;
				CLANG_WARN_UNGUARDED_AVAILABILITY = YES_AGGRESSIVE;
				CLANG_WARN_UNREACHABLE_CODE = YES;
				CLANG_WARN__DUPLICATE_METHOD_MATCH = YES;
				CODE_SIGN_IDENTITY = "iPhone Developer";
				COPY_PHASE_STRIP = NO;
				CURRENT_PROJECT_VERSION = 1;
				DEBUG_INFORMATION_FORMAT = dwarf;
				ENABLE_STRICT_OBJC_MSGSEND = YES;
				ENABLE_TESTABILITY = YES;
				GCC_C_LANGUAGE_STANDARD = gnu11;
				GCC_DYNAMIC_NO_PIC = NO;
				GCC_NO_COMMON_BLOCKS = YES;
				GCC_OPTIMIZATION_LEVEL = 0;
				GCC_PREPROCESSOR_DEFINITIONS = (
					"DEBUG=1",
					"$(inherited)",
				);
				GCC_WARN_64_TO_32_BIT_CONVERSION = YES;
				GCC_WARN_ABOUT_RETURN_TYPE = YES_ERROR;
				GCC_WARN_UNDECLARED_SELECTOR = YES;
				GCC_WARN_UNINITIALIZED_AUTOS = YES_AGGRESSIVE;
				GCC_WARN_UNUSED_FUNCTION = YES;
				GCC_WARN_UNUSED_VARIABLE = YES;
				IPHONEOS_DEPLOYMENT_TARGET = 12.1;
				MTL_ENABLE_DEBUG_INFO = INCLUDE_SOURCE;
				MTL_FAST_MATH = YES;
				ONLY_ACTIVE_ARCH = YES;
				SDKROOT = iphoneos;
				SWIFT_ACTIVE_COMPILATION_CONDITIONS = DEBUG;
				SWIFT_OPTIMIZATION_LEVEL = "-Onone";
				VERSIONING_SYSTEM = "";
			};
			name = Debug;
		};
		97C83EEE225F33AE00C55450 /* Release */ = {
			isa = XCBuildConfiguration;
			buildSettings = {
				ALWAYS_SEARCH_USER_PATHS = NO;
				CLANG_ANALYZER_NONNULL = YES;
				CLANG_ANALYZER_NUMBER_OBJECT_CONVERSION = YES_AGGRESSIVE;
				CLANG_CXX_LANGUAGE_STANDARD = "gnu++14";
				CLANG_CXX_LIBRARY = "libc++";
				CLANG_ENABLE_MODULES = YES;
				CLANG_ENABLE_OBJC_ARC = YES;
				CLANG_ENABLE_OBJC_WEAK = YES;
				CLANG_WARN_BLOCK_CAPTURE_AUTORELEASING = YES;
				CLANG_WARN_BOOL_CONVERSION = YES;
				CLANG_WARN_COMMA = YES;
				CLANG_WARN_CONSTANT_CONVERSION = YES;
				CLANG_WARN_DEPRECATED_OBJC_IMPLEMENTATIONS = YES;
				CLANG_WARN_DIRECT_OBJC_ISA_USAGE = YES_ERROR;
				CLANG_WARN_DOCUMENTATION_COMMENTS = YES;
				CLANG_WARN_EMPTY_BODY = YES;
				CLANG_WARN_ENUM_CONVERSION = YES;
				CLANG_WARN_INFINITE_RECURSION = YES;
				CLANG_WARN_INT_CONVERSION = YES;
				CLANG_WARN_NON_LITERAL_NULL_CONVERSION = YES;
				CLANG_WARN_OBJC_IMPLICIT_RETAIN_SELF = YES;
				CLANG_WARN_OBJC_LITERAL_CONVERSION = YES;
				CLANG_WARN_OBJC_ROOT_CLASS = YES_ERROR;
				CLANG_WARN_RANGE_LOOP_ANALYSIS = YES;
				CLANG_WARN_STRICT_PROTOTYPES = YES;
				CLANG_WARN_SUSPICIOUS_MOVE = YES;
				CLANG_WARN_UNGUARDED_AVAILABILITY = YES_AGGRESSIVE;
				CLANG_WARN_UNREACHABLE_CODE = YES;
				CLANG_WARN__DUPLICATE_METHOD_MATCH = YES;
				CODE_SIGN_IDENTITY = "iPhone Developer";
				COPY_PHASE_STRIP = NO;
				CURRENT_PROJECT_VERSION = 1;
				DEBUG_INFORMATION_FORMAT = "dwarf-with-dsym";
				ENABLE_NS_ASSERTIONS = NO;
				ENABLE_STRICT_OBJC_MSGSEND = YES;
				GCC_C_LANGUAGE_STANDARD = gnu11;
				GCC_NO_COMMON_BLOCKS = YES;
				GCC_WARN_64_TO_32_BIT_CONVERSION = YES;
				GCC_WARN_ABOUT_RETURN_TYPE = YES_ERROR;
				GCC_WARN_UNDECLARED_SELECTOR = YES;
				GCC_WARN_UNINITIALIZED_AUTOS = YES_AGGRESSIVE;
				GCC_WARN_UNUSED_FUNCTION = YES;
				GCC_WARN_UNUSED_VARIABLE = YES;
				IPHONEOS_DEPLOYMENT_TARGET = 12.1;
				MTL_ENABLE_DEBUG_INFO = NO;
				MTL_FAST_MATH = YES;
				SDKROOT = iphoneos;
				SWIFT_COMPILATION_MODE = wholemodule;
				SWIFT_OPTIMIZATION_LEVEL = "-O";
				VALIDATE_PRODUCT = YES;
				VERSIONING_SYSTEM = "";
			};
			name = Release;
		};
		97C83EF0225F33AE00C55450 /* Debug */ = {
			isa = XCBuildConfiguration;
			baseConfigurationReference = C0F7FA5F986C2713FA0495C9 /* Pods-TestApp.debug.xcconfig */;
			buildSettings = {
				ASSETCATALOG_COMPILER_APPICON_NAME = AppIcon;
				CODE_SIGN_IDENTITY = "iPhone Developer";
				CODE_SIGN_STYLE = Manual;
				CURRENT_PROJECT_VERSION = 1;
				DEVELOPMENT_TEAM = 2354U295GD;
				INFOPLIST_FILE = TestApp/Info.plist;
				LD_RUNPATH_SEARCH_PATHS = (
					"$(inherited)",
					"@executable_path/Frameworks",
				);
				PRODUCT_BUNDLE_IDENTIFIER = endava.TestApp.uat;
				PRODUCT_NAME = "$(TARGET_NAME)";
				PROVISIONING_PROFILE_SPECIFIER = "match InHouse endava.TestApp.uat";
				SWIFT_VERSION = 4.2;
				TARGETED_DEVICE_FAMILY = 1;
				VERSIONING_SYSTEM = "apple-generic";
			};
			name = Debug;
		};
		97C83EF1225F33AE00C55450 /* Release */ = {
			isa = XCBuildConfiguration;
			baseConfigurationReference = A44163BB42B74712B12BDAD2 /* Pods-TestApp.release.xcconfig */;
			buildSettings = {
				ASSETCATALOG_COMPILER_APPICON_NAME = AppIcon;
				CODE_SIGN_IDENTITY = "iPhone Developer";
				CODE_SIGN_STYLE = Manual;
				CURRENT_PROJECT_VERSION = 1;
				DEVELOPMENT_TEAM = 2354U295GD;
				INFOPLIST_FILE = TestApp/Info.plist;
				LD_RUNPATH_SEARCH_PATHS = (
					"$(inherited)",
					"@executable_path/Frameworks",
				);
				PRODUCT_BUNDLE_IDENTIFIER = endava.TestApp.uat;
				PRODUCT_NAME = "$(TARGET_NAME)";
				PROVISIONING_PROFILE_SPECIFIER = "match InHouse endava.TestApp.uat";
				SWIFT_VERSION = 4.2;
				TARGETED_DEVICE_FAMILY = 1;
				VERSIONING_SYSTEM = "apple-generic";
			};
			name = Release;
		};
		97C83EF3225F33AE00C55450 /* Debug */ = {
			isa = XCBuildConfiguration;
			buildSettings = {
				ALWAYS_EMBED_SWIFT_STANDARD_LIBRARIES = YES;
				BUNDLE_LOADER = "$(TEST_HOST)";
				CODE_SIGN_STYLE = Manual;
				DEVELOPMENT_TEAM = 2354U295GD;
				INFOPLIST_FILE = TestAppTests/Info.plist;
				LD_RUNPATH_SEARCH_PATHS = (
					"$(inherited)",
					"@executable_path/Frameworks",
					"@loader_path/Frameworks",
				);
				PRODUCT_BUNDLE_IDENTIFIER = endava.TestAppTests;
				PRODUCT_NAME = "$(TARGET_NAME)";
				PROVISIONING_PROFILE_SPECIFIER = "match InHouse endava.TestApp.uat";
				SWIFT_VERSION = 4.2;
				TARGETED_DEVICE_FAMILY = "1,2";
				TEST_HOST = "$(BUILT_PRODUCTS_DIR)/TestApp.app/TestApp";
			};
			name = Debug;
		};
		97C83EF4225F33AE00C55450 /* Release */ = {
			isa = XCBuildConfiguration;
			buildSettings = {
				ALWAYS_EMBED_SWIFT_STANDARD_LIBRARIES = YES;
				BUNDLE_LOADER = "$(TEST_HOST)";
				CODE_SIGN_STYLE = Manual;
				DEVELOPMENT_TEAM = 2354U295GD;
				INFOPLIST_FILE = TestAppTests/Info.plist;
				LD_RUNPATH_SEARCH_PATHS = (
					"$(inherited)",
					"@executable_path/Frameworks",
					"@loader_path/Frameworks",
				);
				PRODUCT_BUNDLE_IDENTIFIER = endava.TestAppTests;
				PRODUCT_NAME = "$(TARGET_NAME)";
				PROVISIONING_PROFILE_SPECIFIER = "match InHouse endava.TestApp.uat";
				SWIFT_VERSION = 4.2;
				TARGETED_DEVICE_FAMILY = "1,2";
				TEST_HOST = "$(BUILT_PRODUCTS_DIR)/TestApp.app/TestApp";
			};
			name = Release;
		};
/* End XCBuildConfiguration section */

/* Begin XCConfigurationList section */
		97C83ECD225F33AC00C55450 /* Build configuration list for PBXProject "TestApp" */ = {
			isa = XCConfigurationList;
			buildConfigurations = (
				97C83EED225F33AE00C55450 /* Debug */,
				97C83EEE225F33AE00C55450 /* Release */,
			);
			defaultConfigurationIsVisible = 0;
			defaultConfigurationName = Release;
		};
		97C83EEF225F33AE00C55450 /* Build configuration list for PBXNativeTarget "TestApp" */ = {
			isa = XCConfigurationList;
			buildConfigurations = (
				97C83EF0225F33AE00C55450 /* Debug */,
				97C83EF1225F33AE00C55450 /* Release */,
			);
			defaultConfigurationIsVisible = 0;
			defaultConfigurationName = Release;
		};
		97C83EF2225F33AE00C55450 /* Build configuration list for PBXNativeTarget "TestAppTests" */ = {
			isa = XCConfigurationList;
			buildConfigurations = (
				97C83EF3225F33AE00C55450 /* Debug */,
				97C83EF4225F33AE00C55450 /* Release */,
			);
			defaultConfigurationIsVisible = 0;
			defaultConfigurationName = Release;
		};
/* End XCConfigurationList section */
	};
	rootObject = 97C83ECA225F33AC00C55450 /* Project object */;
}
